// !$*UTF8*$!
{
	archiveVersion = 1;
	classes = {
	};
	objectVersion = 46;
	objects = {

/* Begin PBXBuildFile section */
		3F4B98C41A22624F0054BF0F /* Images.xcassets in Resources */ = {isa = PBXBuildFile; fileRef = 3F4B98C31A22624F0054BF0F /* Images.xcassets */; };
		3F9FCFE11A1EA14100E4397F /* AppDelegate.swift in Sources */ = {isa = PBXBuildFile; fileRef = 3F9FCFE01A1EA14100E4397F /* AppDelegate.swift */; };
		3F9FCFE31A1EA14100E4397F /* ViewController.swift in Sources */ = {isa = PBXBuildFile; fileRef = 3F9FCFE21A1EA14100E4397F /* ViewController.swift */; };
		3F9FCFE61A1EA14100E4397F /* Main.storyboard in Resources */ = {isa = PBXBuildFile; fileRef = 3F9FCFE41A1EA14100E4397F /* Main.storyboard */; };
		3F9FCFEB1A1EA14100E4397F /* LaunchScreen.xib in Resources */ = {isa = PBXBuildFile; fileRef = 3F9FCFE91A1EA14100E4397F /* LaunchScreen.xib */; };
		3F9FCFF71A1EA14100E4397F /* WarTests.swift in Sources */ = {isa = PBXBuildFile; fileRef = 3F9FCFF61A1EA14100E4397F /* WarTests.swift */; };
/* End PBXBuildFile section */

/* Begin PBXContainerItemProxy section */
		3F9FCFF11A1EA14100E4397F /* PBXContainerItemProxy */ = {
			isa = PBXContainerItemProxy;
			containerPortal = 3F9FCFD31A1EA14100E4397F /* Project object */;
			proxyType = 1;
			remoteGlobalIDString = 3F9FCFDA1A1EA14100E4397F;
			remoteInfo = War;
		};
/* End PBXContainerItemProxy section */

/* Begin PBXFileReference section */
		3F4B98C31A22624F0054BF0F /* Images.xcassets */ = {isa = PBXFileReference; lastKnownFileType = folder.assetcatalog; path = Images.xcassets; sourceTree = "<group>"; };
		3F9FCFDB1A1EA14100E4397F /* War.app */ = {isa = PBXFileReference; explicitFileType = wrapper.application; includeInIndex = 0; path = War.app; sourceTree = BUILT_PRODUCTS_DIR; };
		3F9FCFDF1A1EA14100E4397F /* Info.plist */ = {isa = PBXFileReference; lastKnownFileType = text.plist.xml; path = Info.plist; sourceTree = "<group>"; };
		3F9FCFE01A1EA14100E4397F /* AppDelegate.swift */ = {isa = PBXFileReference; lastKnownFileType = sourcecode.swift; path = AppDelegate.swift; sourceTree = "<group>"; };
		3F9FCFE21A1EA14100E4397F /* ViewController.swift */ = {isa = PBXFileReference; lastKnownFileType = sourcecode.swift; path = ViewController.swift; sourceTree = "<group>"; };
		3F9FCFE51A1EA14100E4397F /* Base */ = {isa = PBXFileReference; lastKnownFileType = file.storyboard; name = Base; path = Base.lproj/Main.storyboard; sourceTree = "<group>"; };
		3F9FCFEA1A1EA14100E4397F /* Base */ = {isa = PBXFileReference; lastKnownFileType = file.xib; name = Base; path = Base.lproj/LaunchScreen.xib; sourceTree = "<group>"; };
		3F9FCFF01A1EA14100E4397F /* WarTests.xctest */ = {isa = PBXFileReference; explicitFileType = wrapper.cfbundle; includeInIndex = 0; path = WarTests.xctest; sourceTree = BUILT_PRODUCTS_DIR; };
		3F9FCFF51A1EA14100E4397F /* Info.plist */ = {isa = PBXFileReference; lastKnownFileType = text.plist.xml; path = Info.plist; sourceTree = "<group>"; };
		3F9FCFF61A1EA14100E4397F /* WarTests.swift */ = {isa = PBXFileReference; lastKnownFileType = sourcecode.swift; path = WarTests.swift; sourceTree = "<group>"; };
/* End PBXFileReference section */

/* Begin PBXFrameworksBuildPhase section */
		3F9FCFD81A1EA14100E4397F /* Frameworks */ = {
			isa = PBXFrameworksBuildPhase;
			buildActionMask = 2147483647;
			files = (
			);
			runOnlyForDeploymentPostprocessing = 0;
		};
		3F9FCFED1A1EA14100E4397F /* Frameworks */ = {
			isa = PBXFrameworksBuildPhase;
			buildActionMask = 2147483647;
			files = (
			);
			runOnlyForDeploymentPostprocessing = 0;
		};
/* End PBXFrameworksBuildPhase section */

/* Begin PBXGroup section */
		3F9FCFD21A1EA14100E4397F = {
			isa = PBXGroup;
			children = (
				3F9FCFDD1A1EA14100E4397F /* War */,
				3F9FCFF31A1EA14100E4397F /* WarTests */,
				3F9FCFDC1A1EA14100E4397F /* Products */,
			);
			sourceTree = "<group>";
		};
		3F9FCFDC1A1EA14100E4397F /* Products */ = {
			isa = PBXGroup;
			children = (
				3F9FCFDB1A1EA14100E4397F /* War.app */,
				3F9FCFF01A1EA14100E4397F /* WarTests.xctest */,
			);
			name = Products;
			sourceTree = "<group>";
		};
		3F9FCFDD1A1EA14100E4397F /* War */ = {
			isa = PBXGroup;
			children = (
				3F9FCFE01A1EA14100E4397F /* AppDelegate.swift */,
				3F9FCFE21A1EA14100E4397F /* ViewController.swift */,
				3F9FCFE41A1EA14100E4397F /* Main.storyboard */,
				3F4B98C31A22624F0054BF0F /* Images.xcassets */,
				3F9FCFE91A1EA14100E4397F /* LaunchScreen.xib */,
				3F9FCFDE1A1EA14100E4397F /* Supporting Files */,
			);
			path = War;
			sourceTree = "<group>";
		};
		3F9FCFDE1A1EA14100E4397F /* Supporting Files */ = {
			isa = PBXGroup;
			children = (
				3F9FCFDF1A1EA14100E4397F /* Info.plist */,
			);
			name = "Supporting Files";
			sourceTree = "<group>";
		};
		3F9FCFF31A1EA14100E4397F /* WarTests */ = {
			isa = PBXGroup;
			children = (
				3F9FCFF61A1EA14100E4397F /* WarTests.swift */,
				3F9FCFF41A1EA14100E4397F /* Supporting Files */,
			);
			path = WarTests;
			sourceTree = "<group>";
		};
		3F9FCFF41A1EA14100E4397F /* Supporting Files */ = {
			isa = PBXGroup;
			children = (
				3F9FCFF51A1EA14100E4397F /* Info.plist */,
			);
			name = "Supporting Files";
			sourceTree = "<group>";
		};
/* End PBXGroup section */

/* Begin PBXNativeTarget section */
		3F9FCFDA1A1EA14100E4397F /* War */ = {
			isa = PBXNativeTarget;
			buildConfigurationList = 3F9FCFFA1A1EA14100E4397F /* Build configuration list for PBXNativeTarget "War" */;
			buildPhases = (
				3F9FCFD71A1EA14100E4397F /* Sources */,
				3F9FCFD81A1EA14100E4397F /* Frameworks */,
				3F9FCFD91A1EA14100E4397F /* Resources */,
			);
			buildRules = (
			);
			dependencies = (
			);
			name = War;
			productName = War;
			productReference = 3F9FCFDB1A1EA14100E4397F /* War.app */;
			productType = "com.apple.product-type.application";
		};
		3F9FCFEF1A1EA14100E4397F /* WarTests */ = {
			isa = PBXNativeTarget;
			buildConfigurationList = 3F9FCFFD1A1EA14100E4397F /* Build configuration list for PBXNativeTarget "WarTests" */;
			buildPhases = (
				3F9FCFEC1A1EA14100E4397F /* Sources */,
				3F9FCFED1A1EA14100E4397F /* Frameworks */,
				3F9FCFEE1A1EA14100E4397F /* Resources */,
			);
			buildRules = (
			);
			dependencies = (
				3F9FCFF21A1EA14100E4397F /* PBXTargetDependency */,
			);
			name = WarTests;
			productName = WarTests;
			productReference = 3F9FCFF01A1EA14100E4397F /* WarTests.xctest */;
			productType = "com.apple.product-type.bundle.unit-test";
		};
/* End PBXNativeTarget section */

/* Begin PBXProject section */
		3F9FCFD31A1EA14100E4397F /* Project object */ = {
			isa = PBXProject;
			attributes = {
				LastUpgradeCheck = 0610;
				ORGANIZATIONNAME = "Felix Mohnert";
				TargetAttributes = {
					3F9FCFDA1A1EA14100E4397F = {
						CreatedOnToolsVersion = 6.1;
					};
					3F9FCFEF1A1EA14100E4397F = {
						CreatedOnToolsVersion = 6.1;
						TestTargetID = 3F9FCFDA1A1EA14100E4397F;
					};
				};
			};
			buildConfigurationList = 3F9FCFD61A1EA14100E4397F /* Build configuration list for PBXProject "War" */;
			compatibilityVersion = "Xcode 3.2";
			developmentRegion = English;
			hasScannedForEncodings = 0;
			knownRegions = (
				en,
				Base,
			);
			mainGroup = 3F9FCFD21A1EA14100E4397F;
			productRefGroup = 3F9FCFDC1A1EA14100E4397F /* Products */;
			projectDirPath = "";
			projectRoot = "";
			targets = (
				3F9FCFDA1A1EA14100E4397F /* War */,
				3F9FCFEF1A1EA14100E4397F /* WarTests */,
			);
		};
/* End PBXProject section */

/* Begin PBXResourcesBuildPhase section */
		3F9FCFD91A1EA14100E4397F /* Resources */ = {
			isa = PBXResourcesBuildPhase;
			buildActionMask = 2147483647;
			files = (
				3F9FCFE61A1EA14100E4397F /* Main.storyboard in Resources */,
				3F4B98C41A22624F0054BF0F /* Images.xcassets in Resources */,
				3F9FCFEB1A1EA14100E4397F /* LaunchScreen.xib in Resources */,
			);
			runOnlyForDeploymentPostprocessing = 0;
		};
		3F9FCFEE1A1EA14100E4397F /* Resources */ = {
			isa = PBXResourcesBuildPhase;
			buildActionMask = 2147483647;
			files = (
			);
			runOnlyForDeploymentPostprocessing = 0;
		};
/* End PBXResourcesBuildPhase section */

/* Begin PBXSourcesBuildPhase section */
		3F9FCFD71A1EA14100E4397F /* Sources */ = {
			isa = PBXSourcesBuildPhase;
			buildActionMask = 2147483647;
			files = (
				3F9FCFE31A1EA14100E4397F /* ViewController.swift in Sources */,
				3F9FCFE11A1EA14100E4397F /* AppDelegate.swift in Sources */,
			);
			runOnlyForDeploymentPostprocessing = 0;
		};
		3F9FCFEC1A1EA14100E4397F /* Sources */ = {
			isa = PBXSourcesBuildPhase;
			buildActionMask = 2147483647;
			files = (
				3F9FCFF71A1EA14100E4397F /* WarTests.swift in Sources */,
			);
			runOnlyForDeploymentPostprocessing = 0;
		};
/* End PBXSourcesBuildPhase section */

/* Begin PBXTargetDependency section */
		3F9FCFF21A1EA14100E4397F /* PBXTargetDependency */ = {
			isa = PBXTargetDependency;
			target = 3F9FCFDA1A1EA14100E4397F /* War */;
			targetProxy = 3F9FCFF11A1EA14100E4397F /* PBXContainerItemProxy */;
		};
/* End PBXTargetDependency section */

/* Begin PBXVariantGroup section */
		3F9FCFE41A1EA14100E4397F /* Main.storyboard */ = {
			isa = PBXVariantGroup;
			children = (
				3F9FCFE51A1EA14100E4397F /* Base */,
			);
			name = Main.storyboard;
			sourceTree = "<group>";
		};
		3F9FCFE91A1EA14100E4397F /* LaunchScreen.xib */ = {
			isa = PBXVariantGroup;
			children = (
				3F9FCFEA1A1EA14100E4397F /* Base */,
			);
			name = LaunchScreen.xib;
			sourceTree = "<group>";
		};
/* End PBXVariantGroup section */

/* Begin XCBuildConfiguration section */
		3F9FCFF81A1EA14100E4397F /* Debug */ = {
			isa = XCBuildConfiguration;
			buildSettings = {
				ALWAYS_SEARCH_USER_PATHS = NO;
				CLANG_CXX_LANGUAGE_STANDARD = "gnu++0x";
				CLANG_CXX_LIBRARY = "libc++";
				CLANG_ENABLE_MODULES = YES;
				CLANG_ENABLE_OBJC_ARC = YES;
				CLANG_WARN_BOOL_CONVERSION = YES;
				CLANG_WARN_CONSTANT_CONVERSION = YES;
				CLANG_WARN_DIRECT_OBJC_ISA_USAGE = YES_ERROR;
				CLANG_WARN_EMPTY_BODY = YES;
				CLANG_WARN_ENUM_CONVERSION = YES;
				CLANG_WARN_INT_CONVERSION = YES;
				CLANG_WARN_OBJC_ROOT_CLASS = YES_ERROR;
				CLANG_WARN_UNREACHABLE_CODE = YES;
				CLANG_WARN__DUPLICATE_METHOD_MATCH = YES;
				"CODE_SIGN_IDENTITY[sdk=iphoneos*]" = "iPhone Developer";
				COPY_PHASE_STRIP = NO;
				ENABLE_STRICT_OBJC_MSGSEND = YES;
				GCC_C_LANGUAGE_STANDARD = gnu99;
				GCC_DYNAMIC_NO_PIC = NO;
				GCC_OPTIMIZATION_LEVEL = 0;
				GCC_PREPROCESSOR_DEFINITIONS = (
					"DEBUG=1",
					"$(inherited)",
				);
				GCC_SYMBOLS_PRIVATE_EXTERN = NO;
				GCC_WARN_64_TO_32_BIT_CONVERSION = YES;
				GCC_WARN_ABOUT_RETURN_TYPE = YES_ERROR;
				GCC_WARN_UNDECLARED_SELECTOR = YES;
				GCC_WARN_UNINITIALIZED_AUTOS = YES_AGGRESSIVE;
				GCC_WARN_UNUSED_FUNCTION = YES;
				GCC_WARN_UNUSED_VARIABLE = YES;
				IPHONEOS_DEPLOYMENT_TARGET = 8.1;
				MTL_ENABLE_DEBUG_INFO = YES;
				ONLY_ACTIVE_ARCH = YES;
				SDKROOT = iphoneos;
				SWIFT_OPTIMIZATION_LEVEL = "-Onone";
			};
			name = Debug;
		};
		3F9FCFF91A1EA14100E4397F /* Release */ = {
			isa = XCBuildConfiguration;
			buildSettings = {
				ALWAYS_SEARCH_USER_PATHS = NO;
				CLANG_CXX_LANGUAGE_STANDARD = "gnu++0x";
				CLANG_CXX_LIBRARY = "libc++";
				CLANG_ENABLE_MODULES = YES;
				CLANG_ENABLE_OBJC_ARC = YES;
				CLANG_WARN_BOOL_CONVERSION = YES;
				CLANG_WARN_CONSTANT_CONVERSION = YES;
				CLANG_WARN_DIRECT_OBJC_ISA_USAGE = YES_ERROR;
				CLANG_WARN_EMPTY_BODY = YES;
				CLANG_WARN_ENUM_CONVERSION = YES;
				CLANG_WARN_INT_CONVERSION = YES;
				CLANG_WARN_OBJC_ROOT_CLASS = YES_ERROR;
				CLANG_WARN_UNREACHABLE_CODE = YES;
				CLANG_WARN__DUPLICATE_METHOD_MATCH = YES;
				"CODE_SIGN_IDENTITY[sdk=iphoneos*]" = "iPhone Developer";
				COPY_PHASE_STRIP = YES;
				ENABLE_NS_ASSERTIONS = NO;
				ENABLE_STRICT_OBJC_MSGSEND = YES;
				GCC_C_LANGUAGE_STANDARD = gnu99;
				GCC_WARN_64_TO_32_BIT_CONVERSION = YES;
				GCC_WARN_ABOUT_RETURN_TYPE = YES_ERROR;
				GCC_WARN_UNDECLARED_SELECTOR = YES;
				GCC_WARN_UNINITIALIZED_AUTOS = YES_AGGRESSIVE;
				GCC_WARN_UNUSED_FUNCTION = YES;
				GCC_WARN_UNUSED_VARIABLE = YES;
				IPHONEOS_DEPLOYMENT_TARGET = 8.1;
				MTL_ENABLE_DEBUG_INFO = NO;
				SDKROOT = iphoneos;
				VALIDATE_PRODUCT = YES;
			};
			name = Release;
		};
		3F9FCFFB1A1EA14100E4397F /* Debug */ = {
			isa = XCBuildConfiguration;
			buildSettings = {
				ASSETCATALOG_COMPILER_APPICON_NAME = AppIcon;
				INFOPLIST_FILE = War/Info.plist;
				LD_RUNPATH_SEARCH_PATHS = "$(inherited) @executable_path/Frameworks";
				PRODUCT_NAME = "$(TARGET_NAME)";
				TARGETED_DEVICE_FAMILY = "1,2";
			};
			name = Debug;
		};
		3F9FCFFC1A1EA14100E4397F /* Release */ = {
			isa = XCBuildConfiguration;
			buildSettings = {
				ASSETCATALOG_COMPILER_APPICON_NAME = AppIcon;
				INFOPLIST_FILE = War/Info.plist;
				LD_RUNPATH_SEARCH_PATHS = "$(inherited) @executable_path/Frameworks";
				PRODUCT_NAME = "$(TARGET_NAME)";
				TARGETED_DEVICE_FAMILY = "1,2";
			};
			name = Release;
		};
		3F9FCFFE1A1EA14100E4397F /* Debug */ = {
			isa = XCBuildConfiguration;
			buildSettings = {
				BUNDLE_LOADER = "$(TEST_HOST)";
				FRAMEWORK_SEARCH_PATHS = (
					"$(SDKROOT)/Developer/Library/Frameworks",
					"$(inherited)",
				);
				GCC_PREPROCESSOR_DEFINITIONS = (
					"DEBUG=1",
					"$(inherited)",
				);
				INFOPLIST_FILE = WarTests/Info.plist;
				LD_RUNPATH_SEARCH_PATHS = "$(inherited) @executable_path/Frameworks @loader_path/Frameworks";
				PRODUCT_NAME = "$(TARGET_NAME)";
				TEST_HOST = "$(BUILT_PRODUCTS_DIR)/War.app/War";
			};
			name = Debug;
		};
		3F9FCFFF1A1EA14100E4397F /* Release */ = {
			isa = XCBuildConfiguration;
			buildSettings = {
				BUNDLE_LOADER = "$(TEST_HOST)";
				FRAMEWORK_SEARCH_PATHS = (
					"$(SDKROOT)/Developer/Library/Frameworks",
					"$(inherited)",
				);
				INFOPLIST_FILE = WarTests/Info.plist;
				LD_RUNPATH_SEARCH_PATHS = "$(inherited) @executable_path/Frameworks @loader_path/Frameworks";
				PRODUCT_NAME = "$(TARGET_NAME)";
				TEST_HOST = "$(BUILT_PRODUCTS_DIR)/War.app/War";
			};
			name = Release;
		};
/* End XCBuildConfiguration section */

/* Begin XCConfigurationList section */
		3F9FCFD61A1EA14100E4397F /* Build configuration list for PBXProject "War" */ = {
			isa = XCConfigurationList;
			buildConfigurations = (
				3F9FCFF81A1EA14100E4397F /* Debug */,
				3F9FCFF91A1EA14100E4397F /* Release */,
			);
			defaultConfigurationIsVisible = 0;
			defaultConfigurationName = Release;
		};
		3F9FCFFA1A1EA14100E4397F /* Build configuration list for PBXNativeTarget "War" */ = {
			isa = XCConfigurationList;
			buildConfigurations = (
				3F9FCFFB1A1EA14100E4397F /* Debug */,
				3F9FCFFC1A1EA14100E4397F /* Release */,
			);
			defaultConfigurationIsVisible = 0;
			defaultConfigurationName = Release;
		};
		3F9FCFFD1A1EA14100E4397F /* Build configuration list for PBXNativeTarget "WarTests" */ = {
			isa = XCConfigurationList;
			buildConfigurations = (
				3F9FCFFE1A1EA14100E4397F /* Debug */,
				3F9FCFFF1A1EA14100E4397F /* Release */,
			);
			defaultConfigurationIsVisible = 0;
			defaultConfigurationName = Release;
		};
/* End XCConfigurationList section */
	};
	rootObject = 3F9FCFD31A1EA14100E4397F /* Project object */;
}
